{
  "object": {
    "pins": [
      {
        "package": "WHNetwork",
        "repositoryURL": "https://oauth2:21wPE4b-sDL-vicBcf9e@gitlab.com/williamhillplc/usa/ios/WHNetwork.git",
        "state": {
          "branch": null,
          "revision": "bd134ff37af4c15fa6a182d839bef95bf0b1d80f",
          "version": "1.0.34"
        }
      },
      {
        "package": "WHSportsbook",
        "repositoryURL": "https://oauth2:21wPE4b-sDL-vicBcf9e@gitlab.com/williamhillplc/usa/ios/WHSportsbook.git",
        "state": {
          "branch": null,
          "revision": "c6ce327fb40e78f7a3085d5f7d15da579bbfdfb2",
          "version": "1.0.19"
        }
      }
    ]
  },
  "version": 1
}
