{
  "pins" : [
    {
      "identity" : "whnetwork",
      "kind" : "remoteSourceControl",
      "location" : "git@gitlab.com:caesarsdigital/usa/ios/WHNetwork.git",
      "state" : {
        "revision" : "a9171bf88060d2e3b049ffcf7b2f771c1d3f0be0",
        "version" : "1.0.52"
      }
    },
    {
      "identity" : "whsportsbook",
      "kind" : "remoteSourceControl",
      "location" : "git@gitlab.com:caesarsdigital/usa/ios/WHSportsbook.git",
      "state" : {
        "revision" : "bf863c150d1b2dba346ae0a5ae508f706c5a7580",
        "version" : "1.0.25"
      }
    }
  ],
  "version" : 2
}
