// !$*UTF8*$!
{
	archiveVersion = 1;
	classes = {
	};
	objectVersion = 52;
	objects = {

/* Begin PBXBuildFile section */
		00C54A8927C1E5C900E877A6 /* EVDLiftingHeaderVC.swift in Sources */ = {isa = PBXBuildFile; fileRef = 00C54A8427C1E5C900E877A6 /* EVDLiftingHeaderVC.swift */; };
		00C54A8A27C1E5C900E877A6 /* eventsPage.storyboard in Resources */ = {isa = PBXBuildFile; fileRef = 00C54A8527C1E5C900E877A6 /* eventsPage.storyboard */; };
		00C54A9127C1E5DA00E877A6 /* EventDetailsViewController.swift in Sources */ = {isa = PBXBuildFile; fileRef = 00C54A8F27C1E5DA00E877A6 /* EventDetailsViewController.swift */; };
		00C54A9D27C1E5E900E877A6 /* EventDetailTableCell.swift in Sources */ = {isa = PBXBuildFile; fileRef = 00C54A9227C1E5E900E877A6 /* EventDetailTableCell.swift */; };
		00C54A9E27C1E5E900E877A6 /* EVDTabsGroupingCell.xib in Resources */ = {isa = PBXBuildFile; fileRef = 00C54A9327C1E5E900E877A6 /* EVDTabsGroupingCell.xib */; };
		00C54A9F27C1E5E900E877A6 /* EVDSectionCell.swift in Sources */ = {isa = PBXBuildFile; fileRef = 00C54A9427C1E5E900E877A6 /* EVDSectionCell.swift */; };
		00C54AA027C1E5E900E877A6 /* EVDAltSpreadCell.xib in Resources */ = {isa = PBXBuildFile; fileRef = 00C54A9527C1E5E900E877A6 /* EVDAltSpreadCell.xib */; };
		00C54AA127C1E5E900E877A6 /* EVDAltSpreadCell.swift in Sources */ = {isa = PBXBuildFile; fileRef = 00C54A9627C1E5E900E877A6 /* EVDAltSpreadCell.swift */; };
		00C54AA227C1E5E900E877A6 /* EventDetailMarketTemplateCell.xib in Resources */ = {isa = PBXBuildFile; fileRef = 00C54A9727C1E5E900E877A6 /* EventDetailMarketTemplateCell.xib */; };
		00C54AA327C1E5E900E877A6 /* EVDTabsGroupingCell.swift in Sources */ = {isa = PBXBuildFile; fileRef = 00C54A9827C1E5E900E877A6 /* EVDTabsGroupingCell.swift */; };
		00C54AA427C1E5E900E877A6 /* EventDetailMarketSelectionCell.xib in Resources */ = {isa = PBXBuildFile; fileRef = 00C54A9927C1E5E900E877A6 /* EventDetailMarketSelectionCell.xib */; };
		00C54AA527C1E5E900E877A6 /* EventDetailsShowAllCell.swift in Sources */ = {isa = PBXBuildFile; fileRef = 00C54A9A27C1E5E900E877A6 /* EventDetailsShowAllCell.swift */; };
		00C54AA627C1E5E900E877A6 /* EventDetailsShowAllCell.xib in Resources */ = {isa = PBXBuildFile; fileRef = 00C54A9B27C1E5E900E877A6 /* EventDetailsShowAllCell.xib */; };
		00C54AA727C1E5E900E877A6 /* EVDSectionCell.xib in Resources */ = {isa = PBXBuildFile; fileRef = 00C54A9C27C1E5E900E877A6 /* EVDSectionCell.xib */; };
		00C54AAB27C1E64000E877A6 /* EVDLiftingHeaderVM.swift in Sources */ = {isa = PBXBuildFile; fileRef = 00C54AA927C1E64000E877A6 /* EVDLiftingHeaderVM.swift */; };
		00C54AAC27C1E64000E877A6 /* EventDetailsViewModel.swift in Sources */ = {isa = PBXBuildFile; fileRef = 00C54AAA27C1E64000E877A6 /* EventDetailsViewModel.swift */; };
		00C54AAE27C2006500E877A6 /* Extensions.swift in Sources */ = {isa = PBXBuildFile; fileRef = 00C54AAD27C2006500E877A6 /* Extensions.swift */; };
		00C54AB027C2078B00E877A6 /* UISixPackButton.swift in Sources */ = {isa = PBXBuildFile; fileRef = 00C54AAF27C2078B00E877A6 /* UISixPackButton.swift */; };
		00C54AB327C207F300E877A6 /* CZPackButtonData.swift in Sources */ = {isa = PBXBuildFile; fileRef = 00C54AB227C207F300E877A6 /* CZPackButtonData.swift */; };
		00C54AB527C2081B00E877A6 /* WHHelpers.swift in Sources */ = {isa = PBXBuildFile; fileRef = 00C54AB427C2081B00E877A6 /* WHHelpers.swift */; };
		00C54AB727C2087E00E877A6 /* ThemeColors.xcassets in Resources */ = {isa = PBXBuildFile; fileRef = 00C54AB627C2087E00E877A6 /* ThemeColors.xcassets */; };
		00C54AB927C23AB400E877A6 /* MSPBaseCell.swift in Sources */ = {isa = PBXBuildFile; fileRef = 00C54AB827C23AB400E877A6 /* MSPBaseCell.swift */; };
		00C54AC027C23B1E00E877A6 /* MSPTableViewCell.swift in Sources */ = {isa = PBXBuildFile; fileRef = 00C54ABA27C23B1D00E877A6 /* MSPTableViewCell.swift */; };
		00C54AC127C23B1E00E877A6 /* MagicSixPackCell.xib in Resources */ = {isa = PBXBuildFile; fileRef = 00C54ABB27C23B1D00E877A6 /* MagicSixPackCell.xib */; };
		00C54AC227C23B1E00E877A6 /* MagicSixPackCell.swift in Sources */ = {isa = PBXBuildFile; fileRef = 00C54ABC27C23B1D00E877A6 /* MagicSixPackCell.swift */; };
		00C54AC427C23B1E00E877A6 /* MSPTableViewCell.xib in Resources */ = {isa = PBXBuildFile; fileRef = 00C54ABE27C23B1D00E877A6 /* MSPTableViewCell.xib */; };
		00C54AC827C2D00A00E877A6 /* FilterView.swift in Sources */ = {isa = PBXBuildFile; fileRef = 00C54AC727C2D00A00E877A6 /* FilterView.swift */; };
		00C54AD027C2D08700E877A6 /* FilterDataCell.swift in Sources */ = {isa = PBXBuildFile; fileRef = 00C54ACC27C2D08700E877A6 /* FilterDataCell.swift */; };
		00C54AD127C2D08700E877A6 /* FilterDataCell.xib in Resources */ = {isa = PBXBuildFile; fileRef = 00C54ACD27C2D08700E877A6 /* FilterDataCell.xib */; };
		5F1C1BE828068A6E00AA7496 /* WHNetwork in Frameworks */ = {isa = PBXBuildFile; productRef = 5F1C1BE728068A6E00AA7496 /* WHNetwork */; };
		5F1C1BEB28068A7A00AA7496 /* WHSportsbook in Frameworks */ = {isa = PBXBuildFile; productRef = 5F1C1BEA28068A7A00AA7496 /* WHSportsbook */; };
		5F1C1BED28068C5000AA7496 /* Other.swift in Sources */ = {isa = PBXBuildFile; fileRef = 5F1C1BEC28068C5000AA7496 /* Other.swift */; };
		5F1C1BEF28068CA100AA7496 /* EVDDataModels.swift in Sources */ = {isa = PBXBuildFile; fileRef = 5F1C1BEE28068CA100AA7496 /* EVDDataModels.swift */; };
		5F1C1BF128068DC200AA7496 /* CZK+Colors.swift in Sources */ = {isa = PBXBuildFile; fileRef = 5F1C1BF028068DC200AA7496 /* CZK+Colors.swift */; };
		5F1C1BF528068E3500AA7496 /* RewardsTierColors.xcassets in Resources */ = {isa = PBXBuildFile; fileRef = 5F1C1BF328068E3500AA7496 /* RewardsTierColors.xcassets */; };
		5F1C1BF628068E3500AA7496 /* ThemeColors.xcassets in Resources */ = {isa = PBXBuildFile; fileRef = 5F1C1BF428068E3500AA7496 /* ThemeColors.xcassets */; };
		5F1C1BF828068E6C00AA7496 /* Fonts in Resources */ = {isa = PBXBuildFile; fileRef = 5F1C1BF728068E6C00AA7496 /* Fonts */; };
		5F1C1BFA28068FEE00AA7496 /* WHCell.swift in Sources */ = {isa = PBXBuildFile; fileRef = 5F1C1BF928068FEE00AA7496 /* WHCell.swift */; };
		5F1C1BFC280691D100AA7496 /* Color+Extensions.swift in Sources */ = {isa = PBXBuildFile; fileRef = 5F1C1BFB280691D100AA7496 /* Color+Extensions.swift */; };
		5F1C1BFF2806922F00AA7496 /* String+Extension.swift in Sources */ = {isa = PBXBuildFile; fileRef = 5F1C1BFE2806922F00AA7496 /* String+Extension.swift */; };
		5F1C1C012806934C00AA7496 /* WHNotification.swift in Sources */ = {isa = PBXBuildFile; fileRef = 5F1C1C002806934C00AA7496 /* WHNotification.swift */; };
		5F1C1C032806943800AA7496 /* WHAttr.swift in Sources */ = {isa = PBXBuildFile; fileRef = 5F1C1C022806943800AA7496 /* WHAttr.swift */; };
		5F1C1C06280694C000AA7496 /* EVDCompactMarketCell.swift in Sources */ = {isa = PBXBuildFile; fileRef = 5F1C1C04280694BF00AA7496 /* EVDCompactMarketCell.swift */; };
		5F1C1C07280694C000AA7496 /* EVDCompactMarketCell.xib in Resources */ = {isa = PBXBuildFile; fileRef = 5F1C1C05280694BF00AA7496 /* EVDCompactMarketCell.xib */; };
		5F1C1C09280696D500AA7496 /* UITableView+Extension.swift in Sources */ = {isa = PBXBuildFile; fileRef = 5F1C1C08280696D500AA7496 /* UITableView+Extension.swift */; };
		5F1C1C0B280696EA00AA7496 /* UICollectionView+Extension.swift in Sources */ = {isa = PBXBuildFile; fileRef = 5F1C1C0A280696EA00AA7496 /* UICollectionView+Extension.swift */; };
		62F44688251E277D000A68A0 /* AppDelegate.swift in Sources */ = {isa = PBXBuildFile; fileRef = 62F44687251E277D000A68A0 /* AppDelegate.swift */; };
		62F4468A251E277D000A68A0 /* SceneDelegate.swift in Sources */ = {isa = PBXBuildFile; fileRef = 62F44689251E277D000A68A0 /* SceneDelegate.swift */; };
		62F4468C251E277D000A68A0 /* ContainingViewController.swift in Sources */ = {isa = PBXBuildFile; fileRef = 62F4468B251E277D000A68A0 /* ContainingViewController.swift */; };
		62F4468F251E277D000A68A0 /* Main.storyboard in Resources */ = {isa = PBXBuildFile; fileRef = 62F4468D251E277D000A68A0 /* Main.storyboard */; };
		62F44691251E277E000A68A0 /* Assets.xcassets in Resources */ = {isa = PBXBuildFile; fileRef = 62F44690251E277E000A68A0 /* Assets.xcassets */; };
		62F44694251E277E000A68A0 /* LaunchScreen.storyboard in Resources */ = {isa = PBXBuildFile; fileRef = 62F44692251E277E000A68A0 /* LaunchScreen.storyboard */; };
		89B4BF4D27570BFD003D426B /* HeaderVC.swift in Sources */ = {isa = PBXBuildFile; fileRef = 89B4BF4C27570BFC003D426B /* HeaderVC.swift */; };
/* End PBXBuildFile section */

/* Begin PBXFileReference section */
		00C54A8427C1E5C900E877A6 /* EVDLiftingHeaderVC.swift */ = {isa = PBXFileReference; fileEncoding = 4; lastKnownFileType = sourcecode.swift; name = EVDLiftingHeaderVC.swift; path = MDCollapsingHeader/EVD/EVDLiftingHeaderVC.swift; sourceTree = SOURCE_ROOT; };
		00C54A8527C1E5C900E877A6 /* eventsPage.storyboard */ = {isa = PBXFileReference; fileEncoding = 4; lastKnownFileType = file.storyboard; name = eventsPage.storyboard; path = MDCollapsingHeader/EVD/eventsPage.storyboard; sourceTree = SOURCE_ROOT; };
		00C54A8F27C1E5DA00E877A6 /* EventDetailsViewController.swift */ = {isa = PBXFileReference; fileEncoding = 4; lastKnownFileType = sourcecode.swift; name = EventDetailsViewController.swift; path = MDCollapsingHeader/EVD/EventDetailsViewController.swift; sourceTree = SOURCE_ROOT; };
		00C54A9227C1E5E900E877A6 /* EventDetailTableCell.swift */ = {isa = PBXFileReference; fileEncoding = 4; lastKnownFileType = sourcecode.swift; name = EventDetailTableCell.swift; path = MDCollapsingHeader/EVD/Cells/EventDetailTableCell.swift; sourceTree = SOURCE_ROOT; };
		00C54A9327C1E5E900E877A6 /* EVDTabsGroupingCell.xib */ = {isa = PBXFileReference; fileEncoding = 4; lastKnownFileType = file.xib; name = EVDTabsGroupingCell.xib; path = MDCollapsingHeader/EVD/Cells/EVDTabsGroupingCell.xib; sourceTree = SOURCE_ROOT; };
		00C54A9427C1E5E900E877A6 /* EVDSectionCell.swift */ = {isa = PBXFileReference; fileEncoding = 4; lastKnownFileType = sourcecode.swift; name = EVDSectionCell.swift; path = MDCollapsingHeader/EVD/Cells/EVDSectionCell.swift; sourceTree = SOURCE_ROOT; };
		00C54A9527C1E5E900E877A6 /* EVDAltSpreadCell.xib */ = {isa = PBXFileReference; fileEncoding = 4; lastKnownFileType = file.xib; name = EVDAltSpreadCell.xib; path = MDCollapsingHeader/EVD/Cells/EVDAltSpreadCell.xib; sourceTree = SOURCE_ROOT; };
		00C54A9627C1E5E900E877A6 /* EVDAltSpreadCell.swift */ = {isa = PBXFileReference; fileEncoding = 4; lastKnownFileType = sourcecode.swift; name = EVDAltSpreadCell.swift; path = MDCollapsingHeader/EVD/Cells/EVDAltSpreadCell.swift; sourceTree = SOURCE_ROOT; };
		00C54A9727C1E5E900E877A6 /* EventDetailMarketTemplateCell.xib */ = {isa = PBXFileReference; fileEncoding = 4; lastKnownFileType = file.xib; name = EventDetailMarketTemplateCell.xib; path = MDCollapsingHeader/EVD/Cells/EventDetailMarketTemplateCell.xib; sourceTree = SOURCE_ROOT; };
		00C54A9827C1E5E900E877A6 /* EVDTabsGroupingCell.swift */ = {isa = PBXFileReference; fileEncoding = 4; lastKnownFileType = sourcecode.swift; name = EVDTabsGroupingCell.swift; path = MDCollapsingHeader/EVD/Cells/EVDTabsGroupingCell.swift; sourceTree = SOURCE_ROOT; };
		00C54A9927C1E5E900E877A6 /* EventDetailMarketSelectionCell.xib */ = {isa = PBXFileReference; fileEncoding = 4; lastKnownFileType = file.xib; name = EventDetailMarketSelectionCell.xib; path = MDCollapsingHeader/EVD/Cells/EventDetailMarketSelectionCell.xib; sourceTree = SOURCE_ROOT; };
		00C54A9A27C1E5E900E877A6 /* EventDetailsShowAllCell.swift */ = {isa = PBXFileReference; fileEncoding = 4; lastKnownFileType = sourcecode.swift; name = EventDetailsShowAllCell.swift; path = MDCollapsingHeader/EVD/Cells/EventDetailsShowAllCell.swift; sourceTree = SOURCE_ROOT; };
		00C54A9B27C1E5E900E877A6 /* EventDetailsShowAllCell.xib */ = {isa = PBXFileReference; fileEncoding = 4; lastKnownFileType = file.xib; name = EventDetailsShowAllCell.xib; path = MDCollapsingHeader/EVD/Cells/EventDetailsShowAllCell.xib; sourceTree = SOURCE_ROOT; };
		00C54A9C27C1E5E900E877A6 /* EVDSectionCell.xib */ = {isa = PBXFileReference; fileEncoding = 4; lastKnownFileType = file.xib; name = EVDSectionCell.xib; path = MDCollapsingHeader/EVD/Cells/EVDSectionCell.xib; sourceTree = SOURCE_ROOT; };
		00C54AA927C1E64000E877A6 /* EVDLiftingHeaderVM.swift */ = {isa = PBXFileReference; fileEncoding = 4; lastKnownFileType = sourcecode.swift; name = EVDLiftingHeaderVM.swift; path = MDCollapsingHeader/EVD/EVDLiftingHeaderVM.swift; sourceTree = SOURCE_ROOT; };
		00C54AAA27C1E64000E877A6 /* EventDetailsViewModel.swift */ = {isa = PBXFileReference; fileEncoding = 4; lastKnownFileType = sourcecode.swift; name = EventDetailsViewModel.swift; path = MDCollapsingHeader/EVD/EventDetailsViewModel.swift; sourceTree = SOURCE_ROOT; };
		00C54AAD27C2006500E877A6 /* Extensions.swift */ = {isa = PBXFileReference; lastKnownFileType = sourcecode.swift; path = Extensions.swift; sourceTree = "<group>"; };
		00C54AAF27C2078B00E877A6 /* UISixPackButton.swift */ = {isa = PBXFileReference; lastKnownFileType = sourcecode.swift; path = UISixPackButton.swift; sourceTree = "<group>"; };
		00C54AB227C207F300E877A6 /* CZPackButtonData.swift */ = {isa = PBXFileReference; lastKnownFileType = sourcecode.swift; path = CZPackButtonData.swift; sourceTree = "<group>"; };
		00C54AB427C2081B00E877A6 /* WHHelpers.swift */ = {isa = PBXFileReference; lastKnownFileType = sourcecode.swift; path = WHHelpers.swift; sourceTree = "<group>"; };
		00C54AB627C2087E00E877A6 /* ThemeColors.xcassets */ = {isa = PBXFileReference; lastKnownFileType = folder.assetcatalog; path = ThemeColors.xcassets; sourceTree = "<group>"; };
		00C54AB827C23AB400E877A6 /* MSPBaseCell.swift */ = {isa = PBXFileReference; lastKnownFileType = sourcecode.swift; path = MSPBaseCell.swift; sourceTree = "<group>"; };
		00C54ABA27C23B1D00E877A6 /* MSPTableViewCell.swift */ = {isa = PBXFileReference; fileEncoding = 4; lastKnownFileType = sourcecode.swift; path = MSPTableViewCell.swift; sourceTree = "<group>"; };
		00C54ABB27C23B1D00E877A6 /* MagicSixPackCell.xib */ = {isa = PBXFileReference; fileEncoding = 4; lastKnownFileType = file.xib; path = MagicSixPackCell.xib; sourceTree = "<group>"; };
		00C54ABC27C23B1D00E877A6 /* MagicSixPackCell.swift */ = {isa = PBXFileReference; fileEncoding = 4; lastKnownFileType = sourcecode.swift; path = MagicSixPackCell.swift; sourceTree = "<group>"; };
		00C54ABE27C23B1D00E877A6 /* MSPTableViewCell.xib */ = {isa = PBXFileReference; fileEncoding = 4; lastKnownFileType = file.xib; path = MSPTableViewCell.xib; sourceTree = "<group>"; };
		00C54AC727C2D00A00E877A6 /* FilterView.swift */ = {isa = PBXFileReference; lastKnownFileType = sourcecode.swift; path = FilterView.swift; sourceTree = "<group>"; };
		00C54ACC27C2D08700E877A6 /* FilterDataCell.swift */ = {isa = PBXFileReference; fileEncoding = 4; lastKnownFileType = sourcecode.swift; path = FilterDataCell.swift; sourceTree = "<group>"; };
		00C54ACD27C2D08700E877A6 /* FilterDataCell.xib */ = {isa = PBXFileReference; fileEncoding = 4; lastKnownFileType = file.xib; path = FilterDataCell.xib; sourceTree = "<group>"; };
		5F1C1BEC28068C5000AA7496 /* Other.swift */ = {isa = PBXFileReference; lastKnownFileType = sourcecode.swift; path = Other.swift; sourceTree = "<group>"; };
		5F1C1BEE28068CA100AA7496 /* EVDDataModels.swift */ = {isa = PBXFileReference; lastKnownFileType = sourcecode.swift; path = EVDDataModels.swift; sourceTree = "<group>"; };
		5F1C1BF028068DC200AA7496 /* CZK+Colors.swift */ = {isa = PBXFileReference; lastKnownFileType = sourcecode.swift; path = "CZK+Colors.swift"; sourceTree = "<group>"; };
		5F1C1BF328068E3500AA7496 /* RewardsTierColors.xcassets */ = {isa = PBXFileReference; lastKnownFileType = folder.assetcatalog; path = RewardsTierColors.xcassets; sourceTree = "<group>"; };
		5F1C1BF428068E3500AA7496 /* ThemeColors.xcassets */ = {isa = PBXFileReference; lastKnownFileType = folder.assetcatalog; path = ThemeColors.xcassets; sourceTree = "<group>"; };
		5F1C1BF728068E6C00AA7496 /* Fonts */ = {isa = PBXFileReference; lastKnownFileType = folder; path = Fonts; sourceTree = "<group>"; };
		5F1C1BF928068FEE00AA7496 /* WHCell.swift */ = {isa = PBXFileReference; lastKnownFileType = sourcecode.swift; path = WHCell.swift; sourceTree = "<group>"; };
		5F1C1BFB280691D100AA7496 /* Color+Extensions.swift */ = {isa = PBXFileReference; lastKnownFileType = sourcecode.swift; path = "Color+Extensions.swift"; sourceTree = "<group>"; };
		5F1C1BFE2806922F00AA7496 /* String+Extension.swift */ = {isa = PBXFileReference; lastKnownFileType = sourcecode.swift; path = "String+Extension.swift"; sourceTree = "<group>"; };
		5F1C1C002806934C00AA7496 /* WHNotification.swift */ = {isa = PBXFileReference; lastKnownFileType = sourcecode.swift; path = WHNotification.swift; sourceTree = "<group>"; };
		5F1C1C022806943800AA7496 /* WHAttr.swift */ = {isa = PBXFileReference; lastKnownFileType = sourcecode.swift; path = WHAttr.swift; sourceTree = "<group>"; };
		5F1C1C04280694BF00AA7496 /* EVDCompactMarketCell.swift */ = {isa = PBXFileReference; fileEncoding = 4; lastKnownFileType = sourcecode.swift; name = EVDCompactMarketCell.swift; path = MDCollapsingHeader/EVD/Cells/EVDCompactMarketCell.swift; sourceTree = SOURCE_ROOT; };
		5F1C1C05280694BF00AA7496 /* EVDCompactMarketCell.xib */ = {isa = PBXFileReference; fileEncoding = 4; lastKnownFileType = file.xib; name = EVDCompactMarketCell.xib; path = MDCollapsingHeader/EVD/Cells/EVDCompactMarketCell.xib; sourceTree = SOURCE_ROOT; };
		5F1C1C08280696D500AA7496 /* UITableView+Extension.swift */ = {isa = PBXFileReference; lastKnownFileType = sourcecode.swift; path = "UITableView+Extension.swift"; sourceTree = "<group>"; };
		5F1C1C0A280696EA00AA7496 /* UICollectionView+Extension.swift */ = {isa = PBXFileReference; lastKnownFileType = sourcecode.swift; path = "UICollectionView+Extension.swift"; sourceTree = "<group>"; };
		62F44684251E277D000A68A0 /* MDCollapsingHeader.app */ = {isa = PBXFileReference; explicitFileType = wrapper.application; includeInIndex = 0; path = MDCollapsingHeader.app; sourceTree = BUILT_PRODUCTS_DIR; };
		62F44687251E277D000A68A0 /* AppDelegate.swift */ = {isa = PBXFileReference; lastKnownFileType = sourcecode.swift; path = AppDelegate.swift; sourceTree = "<group>"; };
		62F44689251E277D000A68A0 /* SceneDelegate.swift */ = {isa = PBXFileReference; lastKnownFileType = sourcecode.swift; path = SceneDelegate.swift; sourceTree = "<group>"; };
		62F4468B251E277D000A68A0 /* ContainingViewController.swift */ = {isa = PBXFileReference; lastKnownFileType = sourcecode.swift; path = ContainingViewController.swift; sourceTree = "<group>"; };
		62F4468E251E277D000A68A0 /* Base */ = {isa = PBXFileReference; lastKnownFileType = file.storyboard; name = Base; path = Base.lproj/Main.storyboard; sourceTree = "<group>"; };
		62F44690251E277E000A68A0 /* Assets.xcassets */ = {isa = PBXFileReference; lastKnownFileType = folder.assetcatalog; path = Assets.xcassets; sourceTree = "<group>"; };
		62F44693251E277E000A68A0 /* Base */ = {isa = PBXFileReference; lastKnownFileType = file.storyboard; name = Base; path = Base.lproj/LaunchScreen.storyboard; sourceTree = "<group>"; };
		62F44695251E277E000A68A0 /* Info.plist */ = {isa = PBXFileReference; lastKnownFileType = text.plist.xml; path = Info.plist; sourceTree = "<group>"; };
		89B4BF4C27570BFC003D426B /* HeaderVC.swift */ = {isa = PBXFileReference; lastKnownFileType = sourcecode.swift; path = HeaderVC.swift; sourceTree = "<group>"; };
/* End PBXFileReference section */

/* Begin PBXFrameworksBuildPhase section */
		62F44681251E277D000A68A0 /* Frameworks */ = {
			isa = PBXFrameworksBuildPhase;
			buildActionMask = 2147483647;
			files = (
				5F1C1BE828068A6E00AA7496 /* WHNetwork in Frameworks */,
				5F1C1BEB28068A7A00AA7496 /* WHSportsbook in Frameworks */,
			);
			runOnlyForDeploymentPostprocessing = 0;
		};
/* End PBXFrameworksBuildPhase section */

/* Begin PBXGroup section */
		00C54A8327C1E5B800E877A6 /* EVD */ = {
			isa = PBXGroup;
			children = (
				00C54A8427C1E5C900E877A6 /* EVDLiftingHeaderVC.swift */,
				00C54AC927C2D06C00E877A6 /* FilterView */,
				00C54AB127C207CD00E877A6 /* Magic Six Pack */,
				00C54AA927C1E64000E877A6 /* EVDLiftingHeaderVM.swift */,
				00C54A8F27C1E5DA00E877A6 /* EventDetailsViewController.swift */,
				00C54AAA27C1E64000E877A6 /* EventDetailsViewModel.swift */,
				5F1C1BEE28068CA100AA7496 /* EVDDataModels.swift */,
				00C54AA827C1E5F600E877A6 /* Cells */,
				00C54A8527C1E5C900E877A6 /* eventsPage.storyboard */,
				5F1C1BF928068FEE00AA7496 /* WHCell.swift */,
			);
			path = EVD;
			sourceTree = "<group>";
		};
		00C54AA827C1E5F600E877A6 /* Cells */ = {
			isa = PBXGroup;
			children = (
				00C54A9627C1E5E900E877A6 /* EVDAltSpreadCell.swift */,
				00C54A9527C1E5E900E877A6 /* EVDAltSpreadCell.xib */,
				00C54A9427C1E5E900E877A6 /* EVDSectionCell.swift */,
				00C54A9C27C1E5E900E877A6 /* EVDSectionCell.xib */,
				00C54A9827C1E5E900E877A6 /* EVDTabsGroupingCell.swift */,
				00C54A9327C1E5E900E877A6 /* EVDTabsGroupingCell.xib */,
				00C54A9927C1E5E900E877A6 /* EventDetailMarketSelectionCell.xib */,
				00C54A9727C1E5E900E877A6 /* EventDetailMarketTemplateCell.xib */,
				00C54A9A27C1E5E900E877A6 /* EventDetailsShowAllCell.swift */,
				00C54A9B27C1E5E900E877A6 /* EventDetailsShowAllCell.xib */,
				00C54A9227C1E5E900E877A6 /* EventDetailTableCell.swift */,
			);
			path = Cells;
			sourceTree = "<group>";
		};
		00C54AB127C207CD00E877A6 /* Magic Six Pack */ = {
			isa = PBXGroup;
			children = (
				00C54AAF27C2078B00E877A6 /* UISixPackButton.swift */,
				00C54AC627C23B2F00E877A6 /* Cells */,
				00C54AB227C207F300E877A6 /* CZPackButtonData.swift */,
				00C54AB427C2081B00E877A6 /* WHHelpers.swift */,
			);
			path = "Magic Six Pack";
			sourceTree = "<group>";
		};
		00C54AC627C23B2F00E877A6 /* Cells */ = {
			isa = PBXGroup;
			children = (
				5F1C1C04280694BF00AA7496 /* EVDCompactMarketCell.swift */,
				5F1C1C05280694BF00AA7496 /* EVDCompactMarketCell.xib */,
				00C54ABC27C23B1D00E877A6 /* MagicSixPackCell.swift */,
				00C54ABB27C23B1D00E877A6 /* MagicSixPackCell.xib */,
				00C54ABA27C23B1D00E877A6 /* MSPTableViewCell.swift */,
				00C54ABE27C23B1D00E877A6 /* MSPTableViewCell.xib */,
				00C54AB827C23AB400E877A6 /* MSPBaseCell.swift */,
			);
			path = Cells;
			sourceTree = "<group>";
		};
		00C54AC927C2D06C00E877A6 /* FilterView */ = {
			isa = PBXGroup;
			children = (
				00C54ACC27C2D08700E877A6 /* FilterDataCell.swift */,
				00C54ACD27C2D08700E877A6 /* FilterDataCell.xib */,
				00C54AC727C2D00A00E877A6 /* FilterView.swift */,
			);
			path = FilterView;
			sourceTree = "<group>";
		};
		5F1C1BF228068DD400AA7496 /* Colors+Fonts */ = {
			isa = PBXGroup;
			children = (
				5F1C1BF728068E6C00AA7496 /* Fonts */,
				5F1C1BF328068E3500AA7496 /* RewardsTierColors.xcassets */,
				5F1C1BF428068E3500AA7496 /* ThemeColors.xcassets */,
				5F1C1BF028068DC200AA7496 /* CZK+Colors.swift */,
				5F1C1BFB280691D100AA7496 /* Color+Extensions.swift */,
			);
			path = "Colors+Fonts";
			sourceTree = "<group>";
		};
		5F1C1BFD2806921900AA7496 /* Extensions + Helpers */ = {
			isa = PBXGroup;
			children = (
				00C54AAD27C2006500E877A6 /* Extensions.swift */,
				5F1C1BFE2806922F00AA7496 /* String+Extension.swift */,
				5F1C1C08280696D500AA7496 /* UITableView+Extension.swift */,
				5F1C1C0A280696EA00AA7496 /* UICollectionView+Extension.swift */,
				5F1C1BEC28068C5000AA7496 /* Other.swift */,
				5F1C1C022806943800AA7496 /* WHAttr.swift */,
				5F1C1C002806934C00AA7496 /* WHNotification.swift */,
			);
			path = "Extensions + Helpers";
			sourceTree = "<group>";
		};
		62F4467B251E277D000A68A0 = {
			isa = PBXGroup;
			children = (
				62F44686251E277D000A68A0 /* MDCollapsingHeader */,
				62F44685251E277D000A68A0 /* Products */,
			);
			sourceTree = "<group>";
		};
		62F44685251E277D000A68A0 /* Products */ = {
			isa = PBXGroup;
			children = (
				62F44684251E277D000A68A0 /* MDCollapsingHeader.app */,
			);
			name = Products;
			sourceTree = "<group>";
		};
		62F44686251E277D000A68A0 /* MDCollapsingHeader */ = {
			isa = PBXGroup;
			children = (
				62F44687251E277D000A68A0 /* AppDelegate.swift */,
				62F44689251E277D000A68A0 /* SceneDelegate.swift */,
				62F4468B251E277D000A68A0 /* ContainingViewController.swift */,
				5F1C1BFD2806921900AA7496 /* Extensions + Helpers */,
				5F1C1BF228068DD400AA7496 /* Colors+Fonts */,
				00C54A8327C1E5B800E877A6 /* EVD */,
				89B4BF4C27570BFC003D426B /* HeaderVC.swift */,
				62F4468D251E277D000A68A0 /* Main.storyboard */,
				00C54AB627C2087E00E877A6 /* ThemeColors.xcassets */,
				62F44690251E277E000A68A0 /* Assets.xcassets */,
				62F44692251E277E000A68A0 /* LaunchScreen.storyboard */,
				62F44695251E277E000A68A0 /* Info.plist */,
			);
			path = MDCollapsingHeader;
			sourceTree = "<group>";
		};
/* End PBXGroup section */

/* Begin PBXNativeTarget section */
		62F44683251E277D000A68A0 /* MDCollapsingHeader */ = {
			isa = PBXNativeTarget;
			buildConfigurationList = 62F44698251E277E000A68A0 /* Build configuration list for PBXNativeTarget "MDCollapsingHeader" */;
			buildPhases = (
				62F44680251E277D000A68A0 /* Sources */,
				62F44681251E277D000A68A0 /* Frameworks */,
				62F44682251E277D000A68A0 /* Resources */,
			);
			buildRules = (
			);
			dependencies = (
			);
			name = MDCollapsingHeader;
			packageProductDependencies = (
				5F1C1BE728068A6E00AA7496 /* WHNetwork */,
				5F1C1BEA28068A7A00AA7496 /* WHSportsbook */,
			);
			productName = TestCollapsingHeader;
			productReference = 62F44684251E277D000A68A0 /* MDCollapsingHeader.app */;
			productType = "com.apple.product-type.application";
		};
/* End PBXNativeTarget section */

/* Begin PBXProject section */
		62F4467C251E277D000A68A0 /* Project object */ = {
			isa = PBXProject;
			attributes = {
				LastSwiftUpdateCheck = 1200;
				LastUpgradeCheck = 1200;
				TargetAttributes = {
					62F44683251E277D000A68A0 = {
						CreatedOnToolsVersion = 12.0;
					};
				};
			};
			buildConfigurationList = 62F4467F251E277D000A68A0 /* Build configuration list for PBXProject "MDCollapsingHeader" */;
			compatibilityVersion = "Xcode 9.3";
			developmentRegion = en;
			hasScannedForEncodings = 0;
			knownRegions = (
				en,
				Base,
			);
			mainGroup = 62F4467B251E277D000A68A0;
			packageReferences = (
				5F1C1BE628068A6E00AA7496 /* XCRemoteSwiftPackageReference "WHNetwork" */,
				5F1C1BE928068A7A00AA7496 /* XCRemoteSwiftPackageReference "WHSportsbook" */,
			);
			productRefGroup = 62F44685251E277D000A68A0 /* Products */;
			projectDirPath = "";
			projectRoot = "";
			targets = (
				62F44683251E277D000A68A0 /* MDCollapsingHeader */,
			);
		};
/* End PBXProject section */

/* Begin PBXResourcesBuildPhase section */
		62F44682251E277D000A68A0 /* Resources */ = {
			isa = PBXResourcesBuildPhase;
			buildActionMask = 2147483647;
			files = (
				00C54AA427C1E5E900E877A6 /* EventDetailMarketSelectionCell.xib in Resources */,
				5F1C1C07280694C000AA7496 /* EVDCompactMarketCell.xib in Resources */,
				00C54AA227C1E5E900E877A6 /* EventDetailMarketTemplateCell.xib in Resources */,
				5F1C1BF528068E3500AA7496 /* RewardsTierColors.xcassets in Resources */,
				62F44694251E277E000A68A0 /* LaunchScreen.storyboard in Resources */,
				00C54AA727C1E5E900E877A6 /* EVDSectionCell.xib in Resources */,
				5F1C1BF628068E3500AA7496 /* ThemeColors.xcassets in Resources */,
				62F44691251E277E000A68A0 /* Assets.xcassets in Resources */,
				00C54AC127C23B1E00E877A6 /* MagicSixPackCell.xib in Resources */,
				00C54A9E27C1E5E900E877A6 /* EVDTabsGroupingCell.xib in Resources */,
				00C54AA027C1E5E900E877A6 /* EVDAltSpreadCell.xib in Resources */,
				00C54A8A27C1E5C900E877A6 /* eventsPage.storyboard in Resources */,
				00C54AC427C23B1E00E877A6 /* MSPTableViewCell.xib in Resources */,
				00C54AA627C1E5E900E877A6 /* EventDetailsShowAllCell.xib in Resources */,
				5F1C1BF828068E6C00AA7496 /* Fonts in Resources */,
				62F4468F251E277D000A68A0 /* Main.storyboard in Resources */,
				00C54AB727C2087E00E877A6 /* ThemeColors.xcassets in Resources */,
				00C54AD127C2D08700E877A6 /* FilterDataCell.xib in Resources */,
			);
			runOnlyForDeploymentPostprocessing = 0;
		};
/* End PBXResourcesBuildPhase section */

/* Begin PBXSourcesBuildPhase section */
		62F44680251E277D000A68A0 /* Sources */ = {
			isa = PBXSourcesBuildPhase;
			buildActionMask = 2147483647;
			files = (
				00C54AC027C23B1E00E877A6 /* MSPTableViewCell.swift in Sources */,
				00C54AA327C1E5E900E877A6 /* EVDTabsGroupingCell.swift in Sources */,
				5F1C1BFC280691D100AA7496 /* Color+Extensions.swift in Sources */,
				00C54AB927C23AB400E877A6 /* MSPBaseCell.swift in Sources */,
				5F1C1BEF28068CA100AA7496 /* EVDDataModels.swift in Sources */,
				5F1C1C012806934C00AA7496 /* WHNotification.swift in Sources */,
				00C54AB527C2081B00E877A6 /* WHHelpers.swift in Sources */,
				62F4468C251E277D000A68A0 /* ContainingViewController.swift in Sources */,
				00C54A9F27C1E5E900E877A6 /* EVDSectionCell.swift in Sources */,
				5F1C1BFF2806922F00AA7496 /* String+Extension.swift in Sources */,
				00C54AB327C207F300E877A6 /* CZPackButtonData.swift in Sources */,
				00C54AC827C2D00A00E877A6 /* FilterView.swift in Sources */,
				5F1C1C0B280696EA00AA7496 /* UICollectionView+Extension.swift in Sources */,
				00C54AA127C1E5E900E877A6 /* EVDAltSpreadCell.swift in Sources */,
				5F1C1C032806943800AA7496 /* WHAttr.swift in Sources */,
				00C54A9D27C1E5E900E877A6 /* EventDetailTableCell.swift in Sources */,
				00C54AC227C23B1E00E877A6 /* MagicSixPackCell.swift in Sources */,
				00C54AA527C1E5E900E877A6 /* EventDetailsShowAllCell.swift in Sources */,
				5F1C1C06280694C000AA7496 /* EVDCompactMarketCell.swift in Sources */,
				5F1C1BED28068C5000AA7496 /* Other.swift in Sources */,
				5F1C1BF128068DC200AA7496 /* CZK+Colors.swift in Sources */,
				00C54A8927C1E5C900E877A6 /* EVDLiftingHeaderVC.swift in Sources */,
				00C54A9127C1E5DA00E877A6 /* EventDetailsViewController.swift in Sources */,
				62F44688251E277D000A68A0 /* AppDelegate.swift in Sources */,
				62F4468A251E277D000A68A0 /* SceneDelegate.swift in Sources */,
				89B4BF4D27570BFD003D426B /* HeaderVC.swift in Sources */,
				00C54AAB27C1E64000E877A6 /* EVDLiftingHeaderVM.swift in Sources */,
				00C54AB027C2078B00E877A6 /* UISixPackButton.swift in Sources */,
				5F1C1BFA28068FEE00AA7496 /* WHCell.swift in Sources */,
				00C54AAC27C1E64000E877A6 /* EventDetailsViewModel.swift in Sources */,
				00C54AAE27C2006500E877A6 /* Extensions.swift in Sources */,
				00C54AD027C2D08700E877A6 /* FilterDataCell.swift in Sources */,
				5F1C1C09280696D500AA7496 /* UITableView+Extension.swift in Sources */,
			);
			runOnlyForDeploymentPostprocessing = 0;
		};
/* End PBXSourcesBuildPhase section */

/* Begin PBXVariantGroup section */
		62F4468D251E277D000A68A0 /* Main.storyboard */ = {
			isa = PBXVariantGroup;
			children = (
				62F4468E251E277D000A68A0 /* Base */,
			);
			name = Main.storyboard;
			sourceTree = "<group>";
		};
		62F44692251E277E000A68A0 /* LaunchScreen.storyboard */ = {
			isa = PBXVariantGroup;
			children = (
				62F44693251E277E000A68A0 /* Base */,
			);
			name = LaunchScreen.storyboard;
			sourceTree = "<group>";
		};
/* End PBXVariantGroup section */

/* Begin XCBuildConfiguration section */
		62F44696251E277E000A68A0 /* Debug */ = {
			isa = XCBuildConfiguration;
			buildSettings = {
				ALWAYS_SEARCH_USER_PATHS = NO;
				CLANG_ANALYZER_NONNULL = YES;
				CLANG_ANALYZER_NUMBER_OBJECT_CONVERSION = YES_AGGRESSIVE;
				CLANG_CXX_LANGUAGE_STANDARD = "gnu++14";
				CLANG_CXX_LIBRARY = "libc++";
				CLANG_ENABLE_MODULES = YES;
				CLANG_ENABLE_OBJC_ARC = YES;
				CLANG_ENABLE_OBJC_WEAK = YES;
				CLANG_WARN_BLOCK_CAPTURE_AUTORELEASING = YES;
				CLANG_WARN_BOOL_CONVERSION = YES;
				CLANG_WARN_COMMA = YES;
				CLANG_WARN_CONSTANT_CONVERSION = YES;
				CLANG_WARN_DEPRECATED_OBJC_IMPLEMENTATIONS = YES;
				CLANG_WARN_DIRECT_OBJC_ISA_USAGE = YES_ERROR;
				CLANG_WARN_DOCUMENTATION_COMMENTS = YES;
				CLANG_WARN_EMPTY_BODY = YES;
				CLANG_WARN_ENUM_CONVERSION = YES;
				CLANG_WARN_INFINITE_RECURSION = YES;
				CLANG_WARN_INT_CONVERSION = YES;
				CLANG_WARN_NON_LITERAL_NULL_CONVERSION = YES;
				CLANG_WARN_OBJC_IMPLICIT_RETAIN_SELF = YES;
				CLANG_WARN_OBJC_LITERAL_CONVERSION = YES;
				CLANG_WARN_OBJC_ROOT_CLASS = YES_ERROR;
				CLANG_WARN_QUOTED_INCLUDE_IN_FRAMEWORK_HEADER = YES;
				CLANG_WARN_RANGE_LOOP_ANALYSIS = YES;
				CLANG_WARN_STRICT_PROTOTYPES = YES;
				CLANG_WARN_SUSPICIOUS_MOVE = YES;
				CLANG_WARN_UNGUARDED_AVAILABILITY = YES_AGGRESSIVE;
				CLANG_WARN_UNREACHABLE_CODE = YES;
				CLANG_WARN__DUPLICATE_METHOD_MATCH = YES;
				COPY_PHASE_STRIP = NO;
				DEBUG_INFORMATION_FORMAT = dwarf;
				ENABLE_STRICT_OBJC_MSGSEND = YES;
				ENABLE_TESTABILITY = YES;
				GCC_C_LANGUAGE_STANDARD = gnu11;
				GCC_DYNAMIC_NO_PIC = NO;
				GCC_NO_COMMON_BLOCKS = YES;
				GCC_OPTIMIZATION_LEVEL = 0;
				GCC_PREPROCESSOR_DEFINITIONS = (
					"DEBUG=1",
					"$(inherited)",
				);
				GCC_WARN_64_TO_32_BIT_CONVERSION = YES;
				GCC_WARN_ABOUT_RETURN_TYPE = YES_ERROR;
				GCC_WARN_UNDECLARED_SELECTOR = YES;
				GCC_WARN_UNINITIALIZED_AUTOS = YES_AGGRESSIVE;
				GCC_WARN_UNUSED_FUNCTION = YES;
				GCC_WARN_UNUSED_VARIABLE = YES;
				IPHONEOS_DEPLOYMENT_TARGET = 14.0;
				MTL_ENABLE_DEBUG_INFO = INCLUDE_SOURCE;
				MTL_FAST_MATH = YES;
				ONLY_ACTIVE_ARCH = YES;
				SDKROOT = iphoneos;
				SWIFT_ACTIVE_COMPILATION_CONDITIONS = DEBUG;
				SWIFT_OPTIMIZATION_LEVEL = "-Onone";
			};
			name = Debug;
		};
		62F44697251E277E000A68A0 /* Release */ = {
			isa = XCBuildConfiguration;
			buildSettings = {
				ALWAYS_SEARCH_USER_PATHS = NO;
				CLANG_ANALYZER_NONNULL = YES;
				CLANG_ANALYZER_NUMBER_OBJECT_CONVERSION = YES_AGGRESSIVE;
				CLANG_CXX_LANGUAGE_STANDARD = "gnu++14";
				CLANG_CXX_LIBRARY = "libc++";
				CLANG_ENABLE_MODULES = YES;
				CLANG_ENABLE_OBJC_ARC = YES;
				CLANG_ENABLE_OBJC_WEAK = YES;
				CLANG_WARN_BLOCK_CAPTURE_AUTORELEASING = YES;
				CLANG_WARN_BOOL_CONVERSION = YES;
				CLANG_WARN_COMMA = YES;
				CLANG_WARN_CONSTANT_CONVERSION = YES;
				CLANG_WARN_DEPRECATED_OBJC_IMPLEMENTATIONS = YES;
				CLANG_WARN_DIRECT_OBJC_ISA_USAGE = YES_ERROR;
				CLANG_WARN_DOCUMENTATION_COMMENTS = YES;
				CLANG_WARN_EMPTY_BODY = YES;
				CLANG_WARN_ENUM_CONVERSION = YES;
				CLANG_WARN_INFINITE_RECURSION = YES;
				CLANG_WARN_INT_CONVERSION = YES;
				CLANG_WARN_NON_LITERAL_NULL_CONVERSION = YES;
				CLANG_WARN_OBJC_IMPLICIT_RETAIN_SELF = YES;
				CLANG_WARN_OBJC_LITERAL_CONVERSION = YES;
				CLANG_WARN_OBJC_ROOT_CLASS = YES_ERROR;
				CLANG_WARN_QUOTED_INCLUDE_IN_FRAMEWORK_HEADER = YES;
				CLANG_WARN_RANGE_LOOP_ANALYSIS = YES;
				CLANG_WARN_STRICT_PROTOTYPES = YES;
				CLANG_WARN_SUSPICIOUS_MOVE = YES;
				CLANG_WARN_UNGUARDED_AVAILABILITY = YES_AGGRESSIVE;
				CLANG_WARN_UNREACHABLE_CODE = YES;
				CLANG_WARN__DUPLICATE_METHOD_MATCH = YES;
				COPY_PHASE_STRIP = NO;
				DEBUG_INFORMATION_FORMAT = "dwarf-with-dsym";
				ENABLE_NS_ASSERTIONS = NO;
				ENABLE_STRICT_OBJC_MSGSEND = YES;
				GCC_C_LANGUAGE_STANDARD = gnu11;
				GCC_NO_COMMON_BLOCKS = YES;
				GCC_WARN_64_TO_32_BIT_CONVERSION = YES;
				GCC_WARN_ABOUT_RETURN_TYPE = YES_ERROR;
				GCC_WARN_UNDECLARED_SELECTOR = YES;
				GCC_WARN_UNINITIALIZED_AUTOS = YES_AGGRESSIVE;
				GCC_WARN_UNUSED_FUNCTION = YES;
				GCC_WARN_UNUSED_VARIABLE = YES;
				IPHONEOS_DEPLOYMENT_TARGET = 14.0;
				MTL_ENABLE_DEBUG_INFO = NO;
				MTL_FAST_MATH = YES;
				SDKROOT = iphoneos;
				SWIFT_COMPILATION_MODE = wholemodule;
				SWIFT_OPTIMIZATION_LEVEL = "-O";
				VALIDATE_PRODUCT = YES;
			};
			name = Release;
		};
		62F44699251E277E000A68A0 /* Debug */ = {
			isa = XCBuildConfiguration;
			buildSettings = {
				ASSETCATALOG_COMPILER_APPICON_NAME = AppIcon;
				ASSETCATALOG_COMPILER_GLOBAL_ACCENT_COLOR_NAME = AccentColor;
				CODE_SIGN_STYLE = Automatic;
				DEVELOPMENT_TEAM = L823EJ2XX5;
				INFOPLIST_FILE = MDCollapsingHeader/Info.plist;
				LD_RUNPATH_SEARCH_PATHS = (
					"$(inherited)",
					"@executable_path/Frameworks",
				);
				PRODUCT_BUNDLE_IDENTIFIER = com.md.MDCollapsingHeader;
				PRODUCT_NAME = "$(TARGET_NAME)";
				SWIFT_VERSION = 5.0;
				TARGETED_DEVICE_FAMILY = "1,2";
			};
			name = Debug;
		};
		62F4469A251E277E000A68A0 /* Release */ = {
			isa = XCBuildConfiguration;
			buildSettings = {
				ASSETCATALOG_COMPILER_APPICON_NAME = AppIcon;
				ASSETCATALOG_COMPILER_GLOBAL_ACCENT_COLOR_NAME = AccentColor;
				CODE_SIGN_STYLE = Automatic;
				DEVELOPMENT_TEAM = L823EJ2XX5;
				INFOPLIST_FILE = MDCollapsingHeader/Info.plist;
				LD_RUNPATH_SEARCH_PATHS = (
					"$(inherited)",
					"@executable_path/Frameworks",
				);
				PRODUCT_BUNDLE_IDENTIFIER = com.md.MDCollapsingHeader;
				PRODUCT_NAME = "$(TARGET_NAME)";
				SWIFT_VERSION = 5.0;
				TARGETED_DEVICE_FAMILY = "1,2";
			};
			name = Release;
		};
/* End XCBuildConfiguration section */

/* Begin XCConfigurationList section */
		62F4467F251E277D000A68A0 /* Build configuration list for PBXProject "MDCollapsingHeader" */ = {
			isa = XCConfigurationList;
			buildConfigurations = (
				62F44696251E277E000A68A0 /* Debug */,
				62F44697251E277E000A68A0 /* Release */,
			);
			defaultConfigurationIsVisible = 0;
			defaultConfigurationName = Release;
		};
		62F44698251E277E000A68A0 /* Build configuration list for PBXNativeTarget "MDCollapsingHeader" */ = {
			isa = XCConfigurationList;
			buildConfigurations = (
				62F44699251E277E000A68A0 /* Debug */,
				62F4469A251E277E000A68A0 /* Release */,
			);
			defaultConfigurationIsVisible = 0;
			defaultConfigurationName = Release;
		};
/* End XCConfigurationList section */

/* Begin XCRemoteSwiftPackageReference section */
		5F1C1BE628068A6E00AA7496 /* XCRemoteSwiftPackageReference "WHNetwork" */ = {
			isa = XCRemoteSwiftPackageReference;
			repositoryURL = "git@gitlab.com:caesarsdigital/usa/ios/WHNetwork.git";
			requirement = {
				kind = upToNextMajorVersion;
				minimumVersion = 1.0.0;
			};
		};
		5F1C1BE928068A7A00AA7496 /* XCRemoteSwiftPackageReference "WHSportsbook" */ = {
			isa = XCRemoteSwiftPackageReference;
			repositoryURL = "git@gitlab.com:caesarsdigital/usa/ios/WHSportsbook.git";
			requirement = {
				kind = upToNextMajorVersion;
				minimumVersion = 1.0.0;
			};
		};
/* End XCRemoteSwiftPackageReference section */

/* Begin XCSwiftPackageProductDependency section */
		5F1C1BE728068A6E00AA7496 /* WHNetwork */ = {
			isa = XCSwiftPackageProductDependency;
			package = 5F1C1BE628068A6E00AA7496 /* XCRemoteSwiftPackageReference "WHNetwork" */;
			productName = WHNetwork;
		};
		5F1C1BEA28068A7A00AA7496 /* WHSportsbook */ = {
			isa = XCSwiftPackageProductDependency;
			package = 5F1C1BE928068A7A00AA7496 /* XCRemoteSwiftPackageReference "WHSportsbook" */;
			productName = WHSportsbook;
		};
/* End XCSwiftPackageProductDependency section */
	};
	rootObject = 62F4467C251E277D000A68A0 /* Project object */;
}
